
Microsoft Visual Studio Solution File, Format Version 12.00
# Visual Studio 14
VisualStudioVersion = 14.0.25420.1
MinimumVisualStudioVersion = 10.0.40219.1
Project("{FAE04EC0-301F-11D3-BF4B-00C04F79EFBC}") = "dotNet5788_01_0520-4703", "dotNet5788_01_0520-4703\dotNet5788_01_0520-4703.csproj", "{34B92A60-4FBE-4B7E-97CF-D48355FF5BAC}"
EndProject
Global
	GlobalSection(SolutionConfigurationPlatforms) = preSolution
		Debug|Any CPU = Debug|Any CPU
		Release|Any CPU = Release|Any CPU
	EndGlobalSection
	GlobalSection(ProjectConfigurationPlatforms) = postSolution
		{34B92A60-4FBE-4B7E-97CF-D48355FF5BAC}.Debug|Any CPU.ActiveCfg = Debug|Any CPU
		{34B92A60-4FBE-4B7E-97CF-D48355FF5BAC}.Debug|Any CPU.Build.0 = Debug|Any CPU
		{34B92A60-4FBE-4B7E-97CF-D48355FF5BAC}.Release|Any CPU.ActiveCfg = Release|Any CPU
		{34B92A60-4FBE-4B7E-97CF-D48355FF5BAC}.Release|Any CPU.Build.0 = Release|Any CPU
	EndGlobalSection
	GlobalSection(SolutionProperties) = preSolution
		HideSolutionNode = FALSE
	EndGlobalSection
EndGlobal
